
Microsoft Visual Studio Solution File, Format Version 12.00
# Visual Studio Version 17
VisualStudioVersion = 17.5.33424.131
MinimumVisualStudioVersion = 10.0.40219.1
Project("{9A19103F-16F7-4668-BE54-9A1E7A4F7556}") = "micro-service", "micro-service\micro-service.csproj", "{E7C25A1F-9410-475C-A1A4-F4D4320916CB}"
EndProject
Project("{FAE04EC0-301F-11D3-BF4B-00C04F79EFBC}") = "test-micro-service", "test-micro-service\test-micro-service.csproj", "{FC448BC1-7942-45A2-9F6F-321DB2615880}"
EndProject
Global
	GlobalSection(SolutionConfigurationPlatforms) = preSolution
		Debug|Any CPU = Debug|Any CPU
		Release|Any CPU = Release|Any CPU
	EndGlobalSection
	GlobalSection(ProjectConfigurationPlatforms) = postSolution
		{E7C25A1F-9410-475C-A1A4-F4D4320916CB}.Debug|Any CPU.ActiveCfg = Debug|Any CPU
		{E7C25A1F-9410-475C-A1A4-F4D4320916CB}.Debug|Any CPU.Build.0 = Debug|Any CPU
		{E7C25A1F-9410-475C-A1A4-F4D4320916CB}.Release|Any CPU.ActiveCfg = Release|Any CPU
		{E7C25A1F-9410-475C-A1A4-F4D4320916CB}.Release|Any CPU.Build.0 = Release|Any CPU
		{FC448BC1-7942-45A2-9F6F-321DB2615880}.Debug|Any CPU.ActiveCfg = Debug|Any CPU
		{FC448BC1-7942-45A2-9F6F-321DB2615880}.Debug|Any CPU.Build.0 = Debug|Any CPU
		{FC448BC1-7942-45A2-9F6F-321DB2615880}.Release|Any CPU.ActiveCfg = Release|Any CPU
		{FC448BC1-7942-45A2-9F6F-321DB2615880}.Release|Any CPU.Build.0 = Release|Any CPU
	EndGlobalSection
	GlobalSection(SolutionProperties) = preSolution
		HideSolutionNode = FALSE
	EndGlobalSection
	GlobalSection(ExtensibilityGlobals) = postSolution
		SolutionGuid = {2566C887-A748-452D-A0C7-5B89F6EDCB4E}
	EndGlobalSection
EndGlobal
